lockfileVersion: 5.4

specifiers:
  solid-js: ^1.6.2
  tslib: ^2.4.1
  typescript: ^4.9.3

dependencies:
  solid-js: 1.6.2

devDependencies:
  tslib: 2.4.1
  typescript: 4.9.3

packages:

  /csstype/3.1.1:
    resolution: {integrity: sha512-DJR/VvkAvSZW9bTouZue2sSxDwdTN92uHjqeKVm+0dAqdfNykRzQ95tay8aXMBAAPpUiq4Qcug2L7neoRh2Egw==}
    dev: false

  /solid-js/1.6.2:
    resolution: {integrity: sha512-AZBsj+Yn1xliniTTeuQKG9V7VQVkQ8lZmSKvBjpcVSoZeF7nvt/N5f7Kcsx6QSufioa2YgvBjkIiA0cM0qhotw==}
    dependencies:
      csstype: 3.1.1
    dev: false

  /tslib/2.4.1:
    resolution: {integrity: sha512-tGyy4dAjRIEwI7BzsB0lynWgOpfqjUdq91XXAlIWD2OwKBH7oCl/GZG/HT4BOHrTlPMOASlMQ7veyTqpmRcrNA==}
    dev: true

  /typescript/4.9.3:
    resolution: {integrity: sha512-CIfGzTelbKNEnLpLdGFgdyKhG23CKdKgQPOBc+OUNrkJ2vr+KSzsSV5kq5iWhEQbok+quxgGzrAtGWCyU7tHnA==}
    engines: {node: '>=4.2.0'}
    hasBin: true
    dev: true
